
Microsoft Visual Studio Solution File, Format Version 12.00
# Visual Studio Version 17
VisualStudioVersion = 17.11.35327.3
MinimumVisualStudioVersion = 10.0.40219.1
Project("{FAE04EC0-301F-11D3-BF4B-00C04F79EFBC}") = "Pedidos", "Pedidos\Pedidos.csproj", "{16B0BC90-9C7A-4AF2-B940-1B38B779B8EB}"
EndProject
Global
	GlobalSection(SolutionConfigurationPlatforms) = preSolution
		Debug|Any CPU = Debug|Any CPU
		Release|Any CPU = Release|Any CPU
	EndGlobalSection
	GlobalSection(ProjectConfigurationPlatforms) = postSolution
		{16B0BC90-9C7A-4AF2-B940-1B38B779B8EB}.Debug|Any CPU.ActiveCfg = Debug|Any CPU
		{16B0BC90-9C7A-4AF2-B940-1B38B779B8EB}.Debug|Any CPU.Build.0 = Debug|Any CPU
		{16B0BC90-9C7A-4AF2-B940-1B38B779B8EB}.Release|Any CPU.ActiveCfg = Release|Any CPU
		{16B0BC90-9C7A-4AF2-B940-1B38B779B8EB}.Release|Any CPU.Build.0 = Release|Any CPU
	EndGlobalSection
	GlobalSection(SolutionProperties) = preSolution
		HideSolutionNode = FALSE
	EndGlobalSection
	GlobalSection(ExtensibilityGlobals) = postSolution
		SolutionGuid = {8867AFF8-6603-4FB7-9182-1CA50A45551B}
	EndGlobalSection
EndGlobal
