
Microsoft Visual Studio Solution File, Format Version 12.00
# Visual Studio Version 17
VisualStudioVersion = 17.11.35327.3
MinimumVisualStudioVersion = 10.0.40219.1
Project("{FAE04EC0-301F-11D3-BF4B-00C04F79EFBC}") = "ProyectoMVC", "ProyectoMVC\ProyectoMVC.csproj", "{1F2DDCC9-4D61-474C-A37A-99CD2A7DA9AD}"
EndProject
Global
	GlobalSection(SolutionConfigurationPlatforms) = preSolution
		Debug|Any CPU = Debug|Any CPU
		Release|Any CPU = Release|Any CPU
	EndGlobalSection
	GlobalSection(ProjectConfigurationPlatforms) = postSolution
		{1F2DDCC9-4D61-474C-A37A-99CD2A7DA9AD}.Debug|Any CPU.ActiveCfg = Debug|Any CPU
		{1F2DDCC9-4D61-474C-A37A-99CD2A7DA9AD}.Debug|Any CPU.Build.0 = Debug|Any CPU
		{1F2DDCC9-4D61-474C-A37A-99CD2A7DA9AD}.Release|Any CPU.ActiveCfg = Release|Any CPU
		{1F2DDCC9-4D61-474C-A37A-99CD2A7DA9AD}.Release|Any CPU.Build.0 = Release|Any CPU
	EndGlobalSection
	GlobalSection(SolutionProperties) = preSolution
		HideSolutionNode = FALSE
	EndGlobalSection
	GlobalSection(ExtensibilityGlobals) = postSolution
		SolutionGuid = {4826F8B3-A73C-43B4-B030-809DA0B0083D}
	EndGlobalSection
EndGlobal
